
Microsoft Visual Studio Solution File, Format Version 12.00
# Visual Studio Version 16
VisualStudioVersion = 16.0.29911.84
MinimumVisualStudioVersion = 10.0.40219.1
Project("{FAE04EC0-301F-11D3-BF4B-00C04F79EFBC}") = "Inheritance", "Inheritance\Inheritance.csproj", "{CF80BEAC-E612-4306-9F8B-1BF2A7D3690B}"
EndProject
Global
	GlobalSection(SolutionConfigurationPlatforms) = preSolution
		Debug|Any CPU = Debug|Any CPU
		Release|Any CPU = Release|Any CPU
	EndGlobalSection
	GlobalSection(ProjectConfigurationPlatforms) = postSolution
		{CF80BEAC-E612-4306-9F8B-1BF2A7D3690B}.Debug|Any CPU.ActiveCfg = Debug|Any CPU
		{CF80BEAC-E612-4306-9F8B-1BF2A7D3690B}.Debug|Any CPU.Build.0 = Debug|Any CPU
		{CF80BEAC-E612-4306-9F8B-1BF2A7D3690B}.Release|Any CPU.ActiveCfg = Release|Any CPU
		{CF80BEAC-E612-4306-9F8B-1BF2A7D3690B}.Release|Any CPU.Build.0 = Release|Any CPU
	EndGlobalSection
	GlobalSection(SolutionProperties) = preSolution
		HideSolutionNode = FALSE
	EndGlobalSection
	GlobalSection(ExtensibilityGlobals) = postSolution
		SolutionGuid = {DA62EFED-F49C-4EC2-B440-169BDD3BD20B}
	EndGlobalSection
EndGlobal
